
Microsoft Visual Studio Solution File, Format Version 12.00
# Visual Studio 2013
VisualStudioVersion = 12.0.40629.0
MinimumVisualStudioVersion = 10.0.40219.1
Project("{FAE04EC0-301F-11D3-BF4B-00C04F79EFBC}") = "NRobot.Selenium", "NRobot.Selenium\NRobot.Selenium.csproj", "{12B014B6-A8E5-4C9A-81D5-84D2057AB35F}"
EndProject
Global
	GlobalSection(SolutionConfigurationPlatforms) = preSolution
		Debug|Any CPU = Debug|Any CPU
		Debug|x86 = Debug|x86
		Release|Any CPU = Release|Any CPU
		Release|x86 = Release|x86
	EndGlobalSection
	GlobalSection(ProjectConfigurationPlatforms) = postSolution
		{12B014B6-A8E5-4C9A-81D5-84D2057AB35F}.Debug|Any CPU.ActiveCfg = Debug|Any CPU
		{12B014B6-A8E5-4C9A-81D5-84D2057AB35F}.Debug|Any CPU.Build.0 = Debug|Any CPU
		{12B014B6-A8E5-4C9A-81D5-84D2057AB35F}.Debug|x86.ActiveCfg = Debug|Any CPU
		{12B014B6-A8E5-4C9A-81D5-84D2057AB35F}.Release|Any CPU.ActiveCfg = Release|Any CPU
		{12B014B6-A8E5-4C9A-81D5-84D2057AB35F}.Release|Any CPU.Build.0 = Release|Any CPU
		{12B014B6-A8E5-4C9A-81D5-84D2057AB35F}.Release|x86.ActiveCfg = Release|Any CPU
	EndGlobalSection
	GlobalSection(SolutionProperties) = preSolution
		HideSolutionNode = FALSE
	EndGlobalSection
EndGlobal
